
Microsoft Visual Studio Solution File, Format Version 12.00
# Visual Studio Version 17
VisualStudioVersion = 17.12.35707.178 d17.12
MinimumVisualStudioVersion = 10.0.40219.1
Project("{FAE04EC0-301F-11D3-BF4B-00C04F79EFBC}") = "GenerateSeqDiagPlantUmlExtension", "..\GenerateSeqDiagPlantUmlExtension\GenerateSeqDiagPlantUmlExtension.csproj", "{A885C972-5F4A-4260-BA7A-9716EA0685AD}"
EndProject
Project("{FAE04EC0-301F-11D3-BF4B-00C04F79EFBC}") = "AnalyzeCode", "..\AnalyzeCode\AnalyzeCode.csproj", "{A81014DD-986B-41BD-97DA-E230BF87481C}"
EndProject
Project("{FAE04EC0-301F-11D3-BF4B-00C04F79EFBC}") = "TestConsoleAnalyzeCode", "..\TestConsoleAnalyzeCode\TestConsoleAnalyzeCode.csproj", "{77A96720-E6DF-4CA9-939C-B100AFA0A734}"
EndProject
Global
	GlobalSection(SolutionConfigurationPlatforms) = preSolution
		Debug|Any CPU = Debug|Any CPU
		Debug|arm64 = Debug|arm64
		Debug|x86 = Debug|x86
		Release|Any CPU = Release|Any CPU
		Release|arm64 = Release|arm64
		Release|x86 = Release|x86
	EndGlobalSection
	GlobalSection(ProjectConfigurationPlatforms) = postSolution
		{A885C972-5F4A-4260-BA7A-9716EA0685AD}.Debug|Any CPU.ActiveCfg = Debug|Any CPU
		{A885C972-5F4A-4260-BA7A-9716EA0685AD}.Debug|Any CPU.Build.0 = Debug|Any CPU
		{A885C972-5F4A-4260-BA7A-9716EA0685AD}.Debug|arm64.ActiveCfg = Debug|arm64
		{A885C972-5F4A-4260-BA7A-9716EA0685AD}.Debug|arm64.Build.0 = Debug|arm64
		{A885C972-5F4A-4260-BA7A-9716EA0685AD}.Debug|x86.ActiveCfg = Debug|x86
		{A885C972-5F4A-4260-BA7A-9716EA0685AD}.Debug|x86.Build.0 = Debug|x86
		{A885C972-5F4A-4260-BA7A-9716EA0685AD}.Release|Any CPU.ActiveCfg = Release|Any CPU
		{A885C972-5F4A-4260-BA7A-9716EA0685AD}.Release|Any CPU.Build.0 = Release|Any CPU
		{A885C972-5F4A-4260-BA7A-9716EA0685AD}.Release|arm64.ActiveCfg = Release|arm64
		{A885C972-5F4A-4260-BA7A-9716EA0685AD}.Release|arm64.Build.0 = Release|arm64
		{A885C972-5F4A-4260-BA7A-9716EA0685AD}.Release|x86.ActiveCfg = Release|x86
		{A885C972-5F4A-4260-BA7A-9716EA0685AD}.Release|x86.Build.0 = Release|x86
		{A81014DD-986B-41BD-97DA-E230BF87481C}.Debug|Any CPU.ActiveCfg = Debug|Any CPU
		{A81014DD-986B-41BD-97DA-E230BF87481C}.Debug|Any CPU.Build.0 = Debug|Any CPU
		{A81014DD-986B-41BD-97DA-E230BF87481C}.Debug|arm64.ActiveCfg = Debug|Any CPU
		{A81014DD-986B-41BD-97DA-E230BF87481C}.Debug|arm64.Build.0 = Debug|Any CPU
		{A81014DD-986B-41BD-97DA-E230BF87481C}.Debug|x86.ActiveCfg = Debug|Any CPU
		{A81014DD-986B-41BD-97DA-E230BF87481C}.Debug|x86.Build.0 = Debug|Any CPU
		{A81014DD-986B-41BD-97DA-E230BF87481C}.Release|Any CPU.ActiveCfg = Release|Any CPU
		{A81014DD-986B-41BD-97DA-E230BF87481C}.Release|Any CPU.Build.0 = Release|Any CPU
		{A81014DD-986B-41BD-97DA-E230BF87481C}.Release|arm64.ActiveCfg = Release|Any CPU
		{A81014DD-986B-41BD-97DA-E230BF87481C}.Release|arm64.Build.0 = Release|Any CPU
		{A81014DD-986B-41BD-97DA-E230BF87481C}.Release|x86.ActiveCfg = Release|Any CPU
		{A81014DD-986B-41BD-97DA-E230BF87481C}.Release|x86.Build.0 = Release|Any CPU
		{77A96720-E6DF-4CA9-939C-B100AFA0A734}.Debug|Any CPU.ActiveCfg = Debug|Any CPU
		{77A96720-E6DF-4CA9-939C-B100AFA0A734}.Debug|Any CPU.Build.0 = Debug|Any CPU
		{77A96720-E6DF-4CA9-939C-B100AFA0A734}.Debug|arm64.ActiveCfg = Debug|Any CPU
		{77A96720-E6DF-4CA9-939C-B100AFA0A734}.Debug|arm64.Build.0 = Debug|Any CPU
		{77A96720-E6DF-4CA9-939C-B100AFA0A734}.Debug|x86.ActiveCfg = Debug|Any CPU
		{77A96720-E6DF-4CA9-939C-B100AFA0A734}.Debug|x86.Build.0 = Debug|Any CPU
		{77A96720-E6DF-4CA9-939C-B100AFA0A734}.Release|Any CPU.ActiveCfg = Release|Any CPU
		{77A96720-E6DF-4CA9-939C-B100AFA0A734}.Release|Any CPU.Build.0 = Release|Any CPU
		{77A96720-E6DF-4CA9-939C-B100AFA0A734}.Release|arm64.ActiveCfg = Release|Any CPU
		{77A96720-E6DF-4CA9-939C-B100AFA0A734}.Release|arm64.Build.0 = Release|Any CPU
		{77A96720-E6DF-4CA9-939C-B100AFA0A734}.Release|x86.ActiveCfg = Release|Any CPU
		{77A96720-E6DF-4CA9-939C-B100AFA0A734}.Release|x86.Build.0 = Release|Any CPU
	EndGlobalSection
	GlobalSection(SolutionProperties) = preSolution
		HideSolutionNode = FALSE
	EndGlobalSection
EndGlobal
